// !$*UTF8*$!
{
	archiveVersion = 1;
	classes = {
	};
	objectVersion = 50;
	objects = {

/* Begin PBXBuildFile section */
		1A5BA78C2525042500520086 /* SubscriptionDetail.swift in Sources */ = {isa = PBXBuildFile; fileRef = 1A5BA78B2525042500520086 /* SubscriptionDetail.swift */; };
		1A5BA78E25251EE700520086 /* NewSubscriptionForm.swift in Sources */ = {isa = PBXBuildFile; fileRef = 1A5BA78D25251EE700520086 /* NewSubscriptionForm.swift */; };
		1A9933332523DB04008BF8C4 /* Subscription.swift in Sources */ = {isa = PBXBuildFile; fileRef = 1A9933322523DB04008BF8C4 /* Subscription.swift */; };
		1A9933352523DD0A008BF8C4 /* SubscriptionRow.swift in Sources */ = {isa = PBXBuildFile; fileRef = 1A9933342523DD0A008BF8C4 /* SubscriptionRow.swift */; };
		1AD39896251D41C700922ED9 /* AppDelegate.swift in Sources */ = {isa = PBXBuildFile; fileRef = 1AD39895251D41C700922ED9 /* AppDelegate.swift */; };
		1AD39898251D41C700922ED9 /* SceneDelegate.swift in Sources */ = {isa = PBXBuildFile; fileRef = 1AD39897251D41C700922ED9 /* SceneDelegate.swift */; };
		1AD3989A251D41C700922ED9 /* SubscriptionsView.swift in Sources */ = {isa = PBXBuildFile; fileRef = 1AD39899251D41C700922ED9 /* SubscriptionsView.swift */; };
		1AD3989C251D41CD00922ED9 /* Assets.xcassets in Resources */ = {isa = PBXBuildFile; fileRef = 1AD3989B251D41CD00922ED9 /* Assets.xcassets */; };
		1AD3989F251D41CD00922ED9 /* Preview Assets.xcassets in Resources */ = {isa = PBXBuildFile; fileRef = 1AD3989E251D41CD00922ED9 /* Preview Assets.xcassets */; };
		1AD398A2251D41CD00922ED9 /* LaunchScreen.storyboard in Resources */ = {isa = PBXBuildFile; fileRef = 1AD398A0251D41CD00922ED9 /* LaunchScreen.storyboard */; };
		1AD398AA251D434A00922ED9 /* .gitignore in Resources */ = {isa = PBXBuildFile; fileRef = 1AD398A9251D434A00922ED9 /* .gitignore */; };
/* End PBXBuildFile section */

/* Begin PBXFileReference section */
		1A5BA78B2525042500520086 /* SubscriptionDetail.swift */ = {isa = PBXFileReference; lastKnownFileType = sourcecode.swift; path = SubscriptionDetail.swift; sourceTree = "<group>"; };
		1A5BA78D25251EE700520086 /* NewSubscriptionForm.swift */ = {isa = PBXFileReference; lastKnownFileType = sourcecode.swift; path = NewSubscriptionForm.swift; sourceTree = "<group>"; };
		1A9933322523DB04008BF8C4 /* Subscription.swift */ = {isa = PBXFileReference; lastKnownFileType = sourcecode.swift; path = Subscription.swift; sourceTree = "<group>"; };
		1A9933342523DD0A008BF8C4 /* SubscriptionRow.swift */ = {isa = PBXFileReference; lastKnownFileType = sourcecode.swift; path = SubscriptionRow.swift; sourceTree = "<group>"; };
		1AD39892251D41C700922ED9 /* SubscriptionManager.app */ = {isa = PBXFileReference; explicitFileType = wrapper.application; includeInIndex = 0; path = SubscriptionManager.app; sourceTree = BUILT_PRODUCTS_DIR; };
		1AD39895251D41C700922ED9 /* AppDelegate.swift */ = {isa = PBXFileReference; lastKnownFileType = sourcecode.swift; path = AppDelegate.swift; sourceTree = "<group>"; };
		1AD39897251D41C700922ED9 /* SceneDelegate.swift */ = {isa = PBXFileReference; lastKnownFileType = sourcecode.swift; path = SceneDelegate.swift; sourceTree = "<group>"; };
		1AD39899251D41C700922ED9 /* SubscriptionsView.swift */ = {isa = PBXFileReference; lastKnownFileType = sourcecode.swift; path = SubscriptionsView.swift; sourceTree = "<group>"; };
		1AD3989B251D41CD00922ED9 /* Assets.xcassets */ = {isa = PBXFileReference; lastKnownFileType = folder.assetcatalog; path = Assets.xcassets; sourceTree = "<group>"; };
		1AD3989E251D41CD00922ED9 /* Preview Assets.xcassets */ = {isa = PBXFileReference; lastKnownFileType = folder.assetcatalog; path = "Preview Assets.xcassets"; sourceTree = "<group>"; };
		1AD398A1251D41CD00922ED9 /* Base */ = {isa = PBXFileReference; lastKnownFileType = file.storyboard; name = Base; path = Base.lproj/LaunchScreen.storyboard; sourceTree = "<group>"; };
		1AD398A3251D41CD00922ED9 /* Info.plist */ = {isa = PBXFileReference; lastKnownFileType = text.plist.xml; path = Info.plist; sourceTree = "<group>"; };
		1AD398A9251D434A00922ED9 /* .gitignore */ = {isa = PBXFileReference; lastKnownFileType = text; path = .gitignore; sourceTree = "<group>"; };
		1AD398AB251D437E00922ED9 /* README.md */ = {isa = PBXFileReference; lastKnownFileType = net.daringfireball.markdown; path = README.md; sourceTree = "<group>"; };
/* End PBXFileReference section */

/* Begin PBXFrameworksBuildPhase section */
		1AD3988F251D41C700922ED9 /* Frameworks */ = {
			isa = PBXFrameworksBuildPhase;
			buildActionMask = 2147483647;
			files = (
			);
			runOnlyForDeploymentPostprocessing = 0;
		};
/* End PBXFrameworksBuildPhase section */

/* Begin PBXGroup section */
		1A9933312523DAE4008BF8C4 /* Models */ = {
			isa = PBXGroup;
			children = (
				1A9933322523DB04008BF8C4 /* Subscription.swift */,
			);
			path = Models;
			sourceTree = "<group>";
		};
		1AD39889251D41C700922ED9 = {
			isa = PBXGroup;
			children = (
				1AD398AB251D437E00922ED9 /* README.md */,
				1AD398A9251D434A00922ED9 /* .gitignore */,
				1AD39894251D41C700922ED9 /* SubscriptionManager */,
				1AD39893251D41C700922ED9 /* Products */,
			);
			sourceTree = "<group>";
		};
		1AD39893251D41C700922ED9 /* Products */ = {
			isa = PBXGroup;
			children = (
				1AD39892251D41C700922ED9 /* SubscriptionManager.app */,
			);
			name = Products;
			sourceTree = "<group>";
		};
		1AD39894251D41C700922ED9 /* SubscriptionManager */ = {
			isa = PBXGroup;
			children = (
				1A9933312523DAE4008BF8C4 /* Models */,
				1AD39895251D41C700922ED9 /* AppDelegate.swift */,
				1AD39897251D41C700922ED9 /* SceneDelegate.swift */,
				1AD39899251D41C700922ED9 /* SubscriptionsView.swift */,
				1A9933342523DD0A008BF8C4 /* SubscriptionRow.swift */,
				1A5BA78B2525042500520086 /* SubscriptionDetail.swift */,
				1A5BA78D25251EE700520086 /* NewSubscriptionForm.swift */,
				1AD3989B251D41CD00922ED9 /* Assets.xcassets */,
				1AD398A0251D41CD00922ED9 /* LaunchScreen.storyboard */,
				1AD398A3251D41CD00922ED9 /* Info.plist */,
				1AD3989D251D41CD00922ED9 /* Preview Content */,
			);
			path = SubscriptionManager;
			sourceTree = "<group>";
		};
		1AD3989D251D41CD00922ED9 /* Preview Content */ = {
			isa = PBXGroup;
			children = (
				1AD3989E251D41CD00922ED9 /* Preview Assets.xcassets */,
			);
			path = "Preview Content";
			sourceTree = "<group>";
		};
/* End PBXGroup section */

/* Begin PBXNativeTarget section */
		1AD39891251D41C700922ED9 /* SubscriptionManager */ = {
			isa = PBXNativeTarget;
			buildConfigurationList = 1AD398A6251D41CD00922ED9 /* Build configuration list for PBXNativeTarget "SubscriptionManager" */;
			buildPhases = (
				1AD3988E251D41C700922ED9 /* Sources */,
				1AD3988F251D41C700922ED9 /* Frameworks */,
				1AD39890251D41C700922ED9 /* Resources */,
			);
			buildRules = (
			);
			dependencies = (
			);
			name = SubscriptionManager;
			productName = SubscriptionManager;
			productReference = 1AD39892251D41C700922ED9 /* SubscriptionManager.app */;
			productType = "com.apple.product-type.application";
		};
/* End PBXNativeTarget section */

/* Begin PBXProject section */
		1AD3988A251D41C700922ED9 /* Project object */ = {
			isa = PBXProject;
			attributes = {
				LastSwiftUpdateCheck = 1170;
				LastUpgradeCheck = 1170;
				ORGANIZATIONNAME = "Aitor Zubizarreta";
				TargetAttributes = {
					1AD39891251D41C700922ED9 = {
						CreatedOnToolsVersion = 11.7;
					};
				};
			};
			buildConfigurationList = 1AD3988D251D41C700922ED9 /* Build configuration list for PBXProject "SubscriptionManager" */;
			compatibilityVersion = "Xcode 9.3";
			developmentRegion = en;
			hasScannedForEncodings = 0;
			knownRegions = (
				en,
				Base,
			);
			mainGroup = 1AD39889251D41C700922ED9;
			productRefGroup = 1AD39893251D41C700922ED9 /* Products */;
			projectDirPath = "";
			projectRoot = "";
			targets = (
				1AD39891251D41C700922ED9 /* SubscriptionManager */,
			);
		};
/* End PBXProject section */

/* Begin PBXResourcesBuildPhase section */
		1AD39890251D41C700922ED9 /* Resources */ = {
			isa = PBXResourcesBuildPhase;
			buildActionMask = 2147483647;
			files = (
				1AD398AA251D434A00922ED9 /* .gitignore in Resources */,
				1AD398A2251D41CD00922ED9 /* LaunchScreen.storyboard in Resources */,
				1AD3989F251D41CD00922ED9 /* Preview Assets.xcassets in Resources */,
				1AD3989C251D41CD00922ED9 /* Assets.xcassets in Resources */,
			);
			runOnlyForDeploymentPostprocessing = 0;
		};
/* End PBXResourcesBuildPhase section */

/* Begin PBXSourcesBuildPhase section */
		1AD3988E251D41C700922ED9 /* Sources */ = {
			isa = PBXSourcesBuildPhase;
			buildActionMask = 2147483647;
			files = (
				1AD39896251D41C700922ED9 /* AppDelegate.swift in Sources */,
				1A5BA78C2525042500520086 /* SubscriptionDetail.swift in Sources */,
				1A5BA78E25251EE700520086 /* NewSubscriptionForm.swift in Sources */,
				1A9933352523DD0A008BF8C4 /* SubscriptionRow.swift in Sources */,
				1AD39898251D41C700922ED9 /* SceneDelegate.swift in Sources */,
				1A9933332523DB04008BF8C4 /* Subscription.swift in Sources */,
				1AD3989A251D41C700922ED9 /* SubscriptionsView.swift in Sources */,
			);
			runOnlyForDeploymentPostprocessing = 0;
		};
/* End PBXSourcesBuildPhase section */

/* Begin PBXVariantGroup section */
		1AD398A0251D41CD00922ED9 /* LaunchScreen.storyboard */ = {
			isa = PBXVariantGroup;
			children = (
				1AD398A1251D41CD00922ED9 /* Base */,
			);
			name = LaunchScreen.storyboard;
			sourceTree = "<group>";
		};
/* End PBXVariantGroup section */

/* Begin XCBuildConfiguration section */
		1AD398A4251D41CD00922ED9 /* Debug */ = {
			isa = XCBuildConfiguration;
			buildSettings = {
				ALWAYS_SEARCH_USER_PATHS = NO;
				CLANG_ANALYZER_NONNULL = YES;
				CLANG_ANALYZER_NUMBER_OBJECT_CONVERSION = YES_AGGRESSIVE;
				CLANG_CXX_LANGUAGE_STANDARD = "gnu++14";
				CLANG_CXX_LIBRARY = "libc++";
				CLANG_ENABLE_MODULES = YES;
				CLANG_ENABLE_OBJC_ARC = YES;
				CLANG_ENABLE_OBJC_WEAK = YES;
				CLANG_WARN_BLOCK_CAPTURE_AUTORELEASING = YES;
				CLANG_WARN_BOOL_CONVERSION = YES;
				CLANG_WARN_COMMA = YES;
				CLANG_WARN_CONSTANT_CONVERSION = YES;
				CLANG_WARN_DEPRECATED_OBJC_IMPLEMENTATIONS = YES;
				CLANG_WARN_DIRECT_OBJC_ISA_USAGE = YES_ERROR;
				CLANG_WARN_DOCUMENTATION_COMMENTS = YES;
				CLANG_WARN_EMPTY_BODY = YES;
				CLANG_WARN_ENUM_CONVERSION = YES;
				CLANG_WARN_INFINITE_RECURSION = YES;
				CLANG_WARN_INT_CONVERSION = YES;
				CLANG_WARN_NON_LITERAL_NULL_CONVERSION = YES;
				CLANG_WARN_OBJC_IMPLICIT_RETAIN_SELF = YES;
				CLANG_WARN_OBJC_LITERAL_CONVERSION = YES;
				CLANG_WARN_OBJC_ROOT_CLASS = YES_ERROR;
				CLANG_WARN_RANGE_LOOP_ANALYSIS = YES;
				CLANG_WARN_STRICT_PROTOTYPES = YES;
				CLANG_WARN_SUSPICIOUS_MOVE = YES;
				CLANG_WARN_UNGUARDED_AVAILABILITY = YES_AGGRESSIVE;
				CLANG_WARN_UNREACHABLE_CODE = YES;
				CLANG_WARN__DUPLICATE_METHOD_MATCH = YES;
				COPY_PHASE_STRIP = NO;
				DEBUG_INFORMATION_FORMAT = dwarf;
				ENABLE_STRICT_OBJC_MSGSEND = YES;
				ENABLE_TESTABILITY = YES;
				GCC_C_LANGUAGE_STANDARD = gnu11;
				GCC_DYNAMIC_NO_PIC = NO;
				GCC_NO_COMMON_BLOCKS = YES;
				GCC_OPTIMIZATION_LEVEL = 0;
				GCC_PREPROCESSOR_DEFINITIONS = (
					"DEBUG=1",
					"$(inherited)",
				);
				GCC_WARN_64_TO_32_BIT_CONVERSION = YES;
				GCC_WARN_ABOUT_RETURN_TYPE = YES_ERROR;
				GCC_WARN_UNDECLARED_SELECTOR = YES;
				GCC_WARN_UNINITIALIZED_AUTOS = YES_AGGRESSIVE;
				GCC_WARN_UNUSED_FUNCTION = YES;
				GCC_WARN_UNUSED_VARIABLE = YES;
				IPHONEOS_DEPLOYMENT_TARGET = 13.7;
				MTL_ENABLE_DEBUG_INFO = INCLUDE_SOURCE;
				MTL_FAST_MATH = YES;
				ONLY_ACTIVE_ARCH = YES;
				SDKROOT = iphoneos;
				SWIFT_ACTIVE_COMPILATION_CONDITIONS = DEBUG;
				SWIFT_OPTIMIZATION_LEVEL = "-Onone";
			};
			name = Debug;
		};
		1AD398A5251D41CD00922ED9 /* Release */ = {
			isa = XCBuildConfiguration;
			buildSettings = {
				ALWAYS_SEARCH_USER_PATHS = NO;
				CLANG_ANALYZER_NONNULL = YES;
				CLANG_ANALYZER_NUMBER_OBJECT_CONVERSION = YES_AGGRESSIVE;
				CLANG_CXX_LANGUAGE_STANDARD = "gnu++14";
				CLANG_CXX_LIBRARY = "libc++";
				CLANG_ENABLE_MODULES = YES;
				CLANG_ENABLE_OBJC_ARC = YES;
				CLANG_ENABLE_OBJC_WEAK = YES;
				CLANG_WARN_BLOCK_CAPTURE_AUTORELEASING = YES;
				CLANG_WARN_BOOL_CONVERSION = YES;
				CLANG_WARN_COMMA = YES;
				CLANG_WARN_CONSTANT_CONVERSION = YES;
				CLANG_WARN_DEPRECATED_OBJC_IMPLEMENTATIONS = YES;
				CLANG_WARN_DIRECT_OBJC_ISA_USAGE = YES_ERROR;
				CLANG_WARN_DOCUMENTATION_COMMENTS = YES;
				CLANG_WARN_EMPTY_BODY = YES;
				CLANG_WARN_ENUM_CONVERSION = YES;
				CLANG_WARN_INFINITE_RECURSION = YES;
				CLANG_WARN_INT_CONVERSION = YES;
				CLANG_WARN_NON_LITERAL_NULL_CONVERSION = YES;
				CLANG_WARN_OBJC_IMPLICIT_RETAIN_SELF = YES;
				CLANG_WARN_OBJC_LITERAL_CONVERSION = YES;
				CLANG_WARN_OBJC_ROOT_CLASS = YES_ERROR;
				CLANG_WARN_RANGE_LOOP_ANALYSIS = YES;
				CLANG_WARN_STRICT_PROTOTYPES = YES;
				CLANG_WARN_SUSPICIOUS_MOVE = YES;
				CLANG_WARN_UNGUARDED_AVAILABILITY = YES_AGGRESSIVE;
				CLANG_WARN_UNREACHABLE_CODE = YES;
				CLANG_WARN__DUPLICATE_METHOD_MATCH = YES;
				COPY_PHASE_STRIP = NO;
				DEBUG_INFORMATION_FORMAT = "dwarf-with-dsym";
				ENABLE_NS_ASSERTIONS = NO;
				ENABLE_STRICT_OBJC_MSGSEND = YES;
				GCC_C_LANGUAGE_STANDARD = gnu11;
				GCC_NO_COMMON_BLOCKS = YES;
				GCC_WARN_64_TO_32_BIT_CONVERSION = YES;
				GCC_WARN_ABOUT_RETURN_TYPE = YES_ERROR;
				GCC_WARN_UNDECLARED_SELECTOR = YES;
				GCC_WARN_UNINITIALIZED_AUTOS = YES_AGGRESSIVE;
				GCC_WARN_UNUSED_FUNCTION = YES;
				GCC_WARN_UNUSED_VARIABLE = YES;
				IPHONEOS_DEPLOYMENT_TARGET = 13.7;
				MTL_ENABLE_DEBUG_INFO = NO;
				MTL_FAST_MATH = YES;
				SDKROOT = iphoneos;
				SWIFT_COMPILATION_MODE = wholemodule;
				SWIFT_OPTIMIZATION_LEVEL = "-O";
				VALIDATE_PRODUCT = YES;
			};
			name = Release;
		};
		1AD398A7251D41CD00922ED9 /* Debug */ = {
			isa = XCBuildConfiguration;
			buildSettings = {
				ASSETCATALOG_COMPILER_APPICON_NAME = AppIcon;
				CODE_SIGN_STYLE = Automatic;
				DEVELOPMENT_ASSET_PATHS = "\"SubscriptionManager/Preview Content\"";
				DEVELOPMENT_TEAM = V9WUS7ZBGW;
				ENABLE_PREVIEWS = YES;
				INFOPLIST_FILE = SubscriptionManager/Info.plist;
				LD_RUNPATH_SEARCH_PATHS = (
					"$(inherited)",
					"@executable_path/Frameworks",
				);
				PRODUCT_BUNDLE_IDENTIFIER = eus.aitorzubizarreta.SubscriptionManager;
				PRODUCT_NAME = "$(TARGET_NAME)";
				SWIFT_VERSION = 5.0;
				TARGETED_DEVICE_FAMILY = "1,2";
			};
			name = Debug;
		};
		1AD398A8251D41CD00922ED9 /* Release */ = {
			isa = XCBuildConfiguration;
			buildSettings = {
				ASSETCATALOG_COMPILER_APPICON_NAME = AppIcon;
				CODE_SIGN_STYLE = Automatic;
				DEVELOPMENT_ASSET_PATHS = "\"SubscriptionManager/Preview Content\"";
				DEVELOPMENT_TEAM = V9WUS7ZBGW;
				ENABLE_PREVIEWS = YES;
				INFOPLIST_FILE = SubscriptionManager/Info.plist;
				LD_RUNPATH_SEARCH_PATHS = (
					"$(inherited)",
					"@executable_path/Frameworks",
				);
				PRODUCT_BUNDLE_IDENTIFIER = eus.aitorzubizarreta.SubscriptionManager;
				PRODUCT_NAME = "$(TARGET_NAME)";
				SWIFT_VERSION = 5.0;
				TARGETED_DEVICE_FAMILY = "1,2";
			};
			name = Release;
		};
/* End XCBuildConfiguration section */

/* Begin XCConfigurationList section */
		1AD3988D251D41C700922ED9 /* Build configuration list for PBXProject "SubscriptionManager" */ = {
			isa = XCConfigurationList;
			buildConfigurations = (
				1AD398A4251D41CD00922ED9 /* Debug */,
				1AD398A5251D41CD00922ED9 /* Release */,
			);
			defaultConfigurationIsVisible = 0;
			defaultConfigurationName = Release;
		};
		1AD398A6251D41CD00922ED9 /* Build configuration list for PBXNativeTarget "SubscriptionManager" */ = {
			isa = XCConfigurationList;
			buildConfigurations = (
				1AD398A7251D41CD00922ED9 /* Debug */,
				1AD398A8251D41CD00922ED9 /* Release */,
			);
			defaultConfigurationIsVisible = 0;
			defaultConfigurationName = Release;
		};
/* End XCConfigurationList section */
	};
	rootObject = 1AD3988A251D41C700922ED9 /* Project object */;
}
