// !$*UTF8*$!
{
	archiveVersion = 1;
	classes = {
	};
	objectVersion = 50;
	objects = {

/* Begin PBXBuildFile section */
		1A2CE00B252778F90009C743 /* AppView.swift in Sources */ = {isa = PBXBuildFile; fileRef = 1A2CE00A252778F90009C743 /* AppView.swift */; };
		1A2CE00D25277A000009C743 /* StatisticsView.swift in Sources */ = {isa = PBXBuildFile; fileRef = 1A2CE00C25277A000009C743 /* StatisticsView.swift */; };
		1A3420AB253F7F0A000A88F7 /* SubscriptionEditView.swift in Sources */ = {isa = PBXBuildFile; fileRef = 1A3420AA253F7F0A000A88F7 /* SubscriptionEditView.swift */; };
		1A5BA78C2525042500520086 /* SubscriptionDetailView.swift in Sources */ = {isa = PBXBuildFile; fileRef = 1A5BA78B2525042500520086 /* SubscriptionDetailView.swift */; };
		1A5BA78E25251EE700520086 /* NewSubscriptionForm.swift in Sources */ = {isa = PBXBuildFile; fileRef = 1A5BA78D25251EE700520086 /* NewSubscriptionForm.swift */; };
		1A7BF2A2253CCB53005FBAF3 /* Template.swift in Sources */ = {isa = PBXBuildFile; fileRef = 1A7BF2A1253CCB53005FBAF3 /* Template.swift */; };
		1A7BF2A8253CCDAE005FBAF3 /* CustomDivider.swift in Sources */ = {isa = PBXBuildFile; fileRef = 1A7BF2A7253CCDAE005FBAF3 /* CustomDivider.swift */; };
		1A7BF2AA253CCE2A005FBAF3 /* SubscriptionDataField.swift in Sources */ = {isa = PBXBuildFile; fileRef = 1A7BF2A9253CCE2A005FBAF3 /* SubscriptionDataField.swift */; };
		1A8CFC4C254D90AA00B8DEB9 /* RoundCorners.swift in Sources */ = {isa = PBXBuildFile; fileRef = 1A8CFC4B254D90AA00B8DEB9 /* RoundCorners.swift */; };
		1A8CFC4E254DD72600B8DEB9 /* BigButton.swift in Sources */ = {isa = PBXBuildFile; fileRef = 1A8CFC4D254DD72600B8DEB9 /* BigButton.swift */; };
		1A90E3AF2548670300C95E9A /* EditableField.swift in Sources */ = {isa = PBXBuildFile; fileRef = 1A90E3AE2548670300C95E9A /* EditableField.swift */; };
		1A90E3B12548AED800C95E9A /* CycleField.swift in Sources */ = {isa = PBXBuildFile; fileRef = 1A90E3B02548AED800C95E9A /* CycleField.swift */; };
		1A9933332523DB04008BF8C4 /* Subscription.swift in Sources */ = {isa = PBXBuildFile; fileRef = 1A9933322523DB04008BF8C4 /* Subscription.swift */; };
		1A9933352523DD0A008BF8C4 /* SubscriptionRow.swift in Sources */ = {isa = PBXBuildFile; fileRef = 1A9933342523DD0A008BF8C4 /* SubscriptionRow.swift */; };
		1AB60912252D06D300597B85 /* SubscriptionsManager.xcdatamodeld in Sources */ = {isa = PBXBuildFile; fileRef = 1AB60910252D06D300597B85 /* SubscriptionsManager.xcdatamodeld */; };
		1AD39896251D41C700922ED9 /* AppDelegate.swift in Sources */ = {isa = PBXBuildFile; fileRef = 1AD39895251D41C700922ED9 /* AppDelegate.swift */; };
		1AD39898251D41C700922ED9 /* SceneDelegate.swift in Sources */ = {isa = PBXBuildFile; fileRef = 1AD39897251D41C700922ED9 /* SceneDelegate.swift */; };
		1AD3989A251D41C700922ED9 /* SubscriptionsView.swift in Sources */ = {isa = PBXBuildFile; fileRef = 1AD39899251D41C700922ED9 /* SubscriptionsView.swift */; };
		1AD3989C251D41CD00922ED9 /* Assets.xcassets in Resources */ = {isa = PBXBuildFile; fileRef = 1AD3989B251D41CD00922ED9 /* Assets.xcassets */; };
		1AD3989F251D41CD00922ED9 /* Preview Assets.xcassets in Resources */ = {isa = PBXBuildFile; fileRef = 1AD3989E251D41CD00922ED9 /* Preview Assets.xcassets */; };
		1AD398A2251D41CD00922ED9 /* LaunchScreen.storyboard in Resources */ = {isa = PBXBuildFile; fileRef = 1AD398A0251D41CD00922ED9 /* LaunchScreen.storyboard */; };
		1AD398AA251D434A00922ED9 /* .gitignore in Resources */ = {isa = PBXBuildFile; fileRef = 1AD398A9251D434A00922ED9 /* .gitignore */; };
		1AD6A787253E280200F02F0D /* SubscriptionLogoTitleField.swift in Sources */ = {isa = PBXBuildFile; fileRef = 1AD6A786253E280200F02F0D /* SubscriptionLogoTitleField.swift */; };
		1ADBC3A825279EFC00AD06E6 /* SubscriptionsViewModel.swift in Sources */ = {isa = PBXBuildFile; fileRef = 1ADBC3A725279EFC00AD06E6 /* SubscriptionsViewModel.swift */; };
/* End PBXBuildFile section */

/* Begin PBXFileReference section */
		1A2CE00A252778F90009C743 /* AppView.swift */ = {isa = PBXFileReference; lastKnownFileType = sourcecode.swift; path = AppView.swift; sourceTree = "<group>"; };
		1A2CE00C25277A000009C743 /* StatisticsView.swift */ = {isa = PBXFileReference; lastKnownFileType = sourcecode.swift; path = StatisticsView.swift; sourceTree = "<group>"; };
		1A3420AA253F7F0A000A88F7 /* SubscriptionEditView.swift */ = {isa = PBXFileReference; lastKnownFileType = sourcecode.swift; path = SubscriptionEditView.swift; sourceTree = "<group>"; };
		1A5BA78B2525042500520086 /* SubscriptionDetailView.swift */ = {isa = PBXFileReference; lastKnownFileType = sourcecode.swift; path = SubscriptionDetailView.swift; sourceTree = "<group>"; };
		1A5BA78D25251EE700520086 /* NewSubscriptionForm.swift */ = {isa = PBXFileReference; lastKnownFileType = sourcecode.swift; path = NewSubscriptionForm.swift; sourceTree = "<group>"; };
		1A7BF2A1253CCB53005FBAF3 /* Template.swift */ = {isa = PBXFileReference; lastKnownFileType = sourcecode.swift; path = Template.swift; sourceTree = "<group>"; };
		1A7BF2A7253CCDAE005FBAF3 /* CustomDivider.swift */ = {isa = PBXFileReference; lastKnownFileType = sourcecode.swift; path = CustomDivider.swift; sourceTree = "<group>"; };
		1A7BF2A9253CCE2A005FBAF3 /* SubscriptionDataField.swift */ = {isa = PBXFileReference; lastKnownFileType = sourcecode.swift; path = SubscriptionDataField.swift; sourceTree = "<group>"; };
		1A8CFC4B254D90AA00B8DEB9 /* RoundCorners.swift */ = {isa = PBXFileReference; lastKnownFileType = sourcecode.swift; path = RoundCorners.swift; sourceTree = "<group>"; };
		1A8CFC4D254DD72600B8DEB9 /* BigButton.swift */ = {isa = PBXFileReference; lastKnownFileType = sourcecode.swift; path = BigButton.swift; sourceTree = "<group>"; };
		1A90E3AE2548670300C95E9A /* EditableField.swift */ = {isa = PBXFileReference; lastKnownFileType = sourcecode.swift; path = EditableField.swift; sourceTree = "<group>"; };
		1A90E3B02548AED800C95E9A /* CycleField.swift */ = {isa = PBXFileReference; lastKnownFileType = sourcecode.swift; path = CycleField.swift; sourceTree = "<group>"; };
		1A9933322523DB04008BF8C4 /* Subscription.swift */ = {isa = PBXFileReference; lastKnownFileType = sourcecode.swift; path = Subscription.swift; sourceTree = "<group>"; };
		1A9933342523DD0A008BF8C4 /* SubscriptionRow.swift */ = {isa = PBXFileReference; lastKnownFileType = sourcecode.swift; path = SubscriptionRow.swift; sourceTree = "<group>"; };
		1AB60911252D06D300597B85 /* SubscriptionsManager.xcdatamodel */ = {isa = PBXFileReference; lastKnownFileType = wrapper.xcdatamodel; path = SubscriptionsManager.xcdatamodel; sourceTree = "<group>"; };
		1AD39892251D41C700922ED9 /* SubscriptionManager.app */ = {isa = PBXFileReference; explicitFileType = wrapper.application; includeInIndex = 0; path = SubscriptionManager.app; sourceTree = BUILT_PRODUCTS_DIR; };
		1AD39895251D41C700922ED9 /* AppDelegate.swift */ = {isa = PBXFileReference; lastKnownFileType = sourcecode.swift; path = AppDelegate.swift; sourceTree = "<group>"; };
		1AD39897251D41C700922ED9 /* SceneDelegate.swift */ = {isa = PBXFileReference; lastKnownFileType = sourcecode.swift; path = SceneDelegate.swift; sourceTree = "<group>"; };
		1AD39899251D41C700922ED9 /* SubscriptionsView.swift */ = {isa = PBXFileReference; lastKnownFileType = sourcecode.swift; path = SubscriptionsView.swift; sourceTree = "<group>"; };
		1AD3989B251D41CD00922ED9 /* Assets.xcassets */ = {isa = PBXFileReference; lastKnownFileType = folder.assetcatalog; path = Assets.xcassets; sourceTree = "<group>"; };
		1AD3989E251D41CD00922ED9 /* Preview Assets.xcassets */ = {isa = PBXFileReference; lastKnownFileType = folder.assetcatalog; path = "Preview Assets.xcassets"; sourceTree = "<group>"; };
		1AD398A1251D41CD00922ED9 /* Base */ = {isa = PBXFileReference; lastKnownFileType = file.storyboard; name = Base; path = Base.lproj/LaunchScreen.storyboard; sourceTree = "<group>"; };
		1AD398A3251D41CD00922ED9 /* Info.plist */ = {isa = PBXFileReference; lastKnownFileType = text.plist.xml; path = Info.plist; sourceTree = "<group>"; };
		1AD398A9251D434A00922ED9 /* .gitignore */ = {isa = PBXFileReference; lastKnownFileType = text; path = .gitignore; sourceTree = "<group>"; };
		1AD398AB251D437E00922ED9 /* README.md */ = {isa = PBXFileReference; lastKnownFileType = net.daringfireball.markdown; path = README.md; sourceTree = "<group>"; };
		1AD6A786253E280200F02F0D /* SubscriptionLogoTitleField.swift */ = {isa = PBXFileReference; lastKnownFileType = sourcecode.swift; path = SubscriptionLogoTitleField.swift; sourceTree = "<group>"; };
		1ADBC3A725279EFC00AD06E6 /* SubscriptionsViewModel.swift */ = {isa = PBXFileReference; lastKnownFileType = sourcecode.swift; path = SubscriptionsViewModel.swift; sourceTree = "<group>"; };
/* End PBXFileReference section */

/* Begin PBXFrameworksBuildPhase section */
		1AD3988F251D41C700922ED9 /* Frameworks */ = {
			isa = PBXFrameworksBuildPhase;
			buildActionMask = 2147483647;
			files = (
			);
			runOnlyForDeploymentPostprocessing = 0;
		};
/* End PBXFrameworksBuildPhase section */

/* Begin PBXGroup section */
		1A3420A9253F7EC5000A88F7 /* Edit */ = {
			isa = PBXGroup;
			children = (
				1A3420AA253F7F0A000A88F7 /* SubscriptionEditView.swift */,
				1A90E3AE2548670300C95E9A /* EditableField.swift */,
				1A90E3B02548AED800C95E9A /* CycleField.swift */,
			);
			path = Edit;
			sourceTree = "<group>";
		};
		1A9933312523DAE4008BF8C4 /* Models */ = {
			isa = PBXGroup;
			children = (
				1AB60910252D06D300597B85 /* SubscriptionsManager.xcdatamodeld */,
				1A9933322523DB04008BF8C4 /* Subscription.swift */,
			);
			path = Models;
			sourceTree = "<group>";
		};
		1AD39889251D41C700922ED9 = {
			isa = PBXGroup;
			children = (
				1AD398AB251D437E00922ED9 /* README.md */,
				1AD398A9251D434A00922ED9 /* .gitignore */,
				1AD39894251D41C700922ED9 /* SubscriptionManager */,
				1AD39893251D41C700922ED9 /* Products */,
			);
			sourceTree = "<group>";
		};
		1AD39893251D41C700922ED9 /* Products */ = {
			isa = PBXGroup;
			children = (
				1AD39892251D41C700922ED9 /* SubscriptionManager.app */,
			);
			name = Products;
			sourceTree = "<group>";
		};
		1AD39894251D41C700922ED9 /* SubscriptionManager */ = {
			isa = PBXGroup;
			children = (
				1AD39895251D41C700922ED9 /* AppDelegate.swift */,
				1AD39897251D41C700922ED9 /* SceneDelegate.swift */,
				1A9933312523DAE4008BF8C4 /* Models */,
				1ADBC3A025279E1700AD06E6 /* Views */,
				1ADBC3A625279ED700AD06E6 /* ViewModels */,
				1AD3989B251D41CD00922ED9 /* Assets.xcassets */,
				1AD398A0251D41CD00922ED9 /* LaunchScreen.storyboard */,
				1AD398A3251D41CD00922ED9 /* Info.plist */,
				1AD3989D251D41CD00922ED9 /* Preview Content */,
			);
			path = SubscriptionManager;
			sourceTree = "<group>";
		};
		1AD3989D251D41CD00922ED9 /* Preview Content */ = {
			isa = PBXGroup;
			children = (
				1AD3989E251D41CD00922ED9 /* Preview Assets.xcassets */,
			);
			path = "Preview Content";
			sourceTree = "<group>";
		};
		1ADBC3A025279E1700AD06E6 /* Views */ = {
			isa = PBXGroup;
			children = (
				1A7BF2A1253CCB53005FBAF3 /* Template.swift */,
				1A8CFC4B254D90AA00B8DEB9 /* RoundCorners.swift */,
				1A8CFC4D254DD72600B8DEB9 /* BigButton.swift */,
				1A2CE00A252778F90009C743 /* AppView.swift */,
				1ADBC3A125279E3400AD06E6 /* Subscriptions */,
				1ADBC3A225279E4400AD06E6 /* Statistics */,
			);
			path = Views;
			sourceTree = "<group>";
		};
		1ADBC3A125279E3400AD06E6 /* Subscriptions */ = {
			isa = PBXGroup;
			children = (
				1ADBC3A325279E5500AD06E6 /* List */,
				1ADBC3A525279E6000AD06E6 /* Detail */,
				1ADBC3A425279E5B00AD06E6 /* Form */,
				1A3420A9253F7EC5000A88F7 /* Edit */,
			);
			path = Subscriptions;
			sourceTree = "<group>";
		};
		1ADBC3A225279E4400AD06E6 /* Statistics */ = {
			isa = PBXGroup;
			children = (
				1A2CE00C25277A000009C743 /* StatisticsView.swift */,
			);
			path = Statistics;
			sourceTree = "<group>";
		};
		1ADBC3A325279E5500AD06E6 /* List */ = {
			isa = PBXGroup;
			children = (
				1AD39899251D41C700922ED9 /* SubscriptionsView.swift */,
				1A9933342523DD0A008BF8C4 /* SubscriptionRow.swift */,
			);
			path = List;
			sourceTree = "<group>";
		};
		1ADBC3A425279E5B00AD06E6 /* Form */ = {
			isa = PBXGroup;
			children = (
				1A5BA78D25251EE700520086 /* NewSubscriptionForm.swift */,
			);
			path = Form;
			sourceTree = "<group>";
		};
		1ADBC3A525279E6000AD06E6 /* Detail */ = {
			isa = PBXGroup;
			children = (
				1A5BA78B2525042500520086 /* SubscriptionDetailView.swift */,
				1AD6A786253E280200F02F0D /* SubscriptionLogoTitleField.swift */,
				1A7BF2A9253CCE2A005FBAF3 /* SubscriptionDataField.swift */,
				1A7BF2A7253CCDAE005FBAF3 /* CustomDivider.swift */,
			);
			path = Detail;
			sourceTree = "<group>";
		};
		1ADBC3A625279ED700AD06E6 /* ViewModels */ = {
			isa = PBXGroup;
			children = (
				1ADBC3A725279EFC00AD06E6 /* SubscriptionsViewModel.swift */,
			);
			path = ViewModels;
			sourceTree = "<group>";
		};
/* End PBXGroup section */

/* Begin PBXNativeTarget section */
		1AD39891251D41C700922ED9 /* SubscriptionManager */ = {
			isa = PBXNativeTarget;
			buildConfigurationList = 1AD398A6251D41CD00922ED9 /* Build configuration list for PBXNativeTarget "SubscriptionManager" */;
			buildPhases = (
				1AD3988E251D41C700922ED9 /* Sources */,
				1AD3988F251D41C700922ED9 /* Frameworks */,
				1AD39890251D41C700922ED9 /* Resources */,
			);
			buildRules = (
			);
			dependencies = (
			);
			name = SubscriptionManager;
			productName = SubscriptionManager;
			productReference = 1AD39892251D41C700922ED9 /* SubscriptionManager.app */;
			productType = "com.apple.product-type.application";
		};
/* End PBXNativeTarget section */

/* Begin PBXProject section */
		1AD3988A251D41C700922ED9 /* Project object */ = {
			isa = PBXProject;
			attributes = {
				LastSwiftUpdateCheck = 1170;
				LastUpgradeCheck = 1170;
				ORGANIZATIONNAME = "Aitor Zubizarreta";
				TargetAttributes = {
					1AD39891251D41C700922ED9 = {
						CreatedOnToolsVersion = 11.7;
					};
				};
			};
			buildConfigurationList = 1AD3988D251D41C700922ED9 /* Build configuration list for PBXProject "SubscriptionManager" */;
			compatibilityVersion = "Xcode 9.3";
			developmentRegion = en;
			hasScannedForEncodings = 0;
			knownRegions = (
				en,
				Base,
			);
			mainGroup = 1AD39889251D41C700922ED9;
			productRefGroup = 1AD39893251D41C700922ED9 /* Products */;
			projectDirPath = "";
			projectRoot = "";
			targets = (
				1AD39891251D41C700922ED9 /* SubscriptionManager */,
			);
		};
/* End PBXProject section */

/* Begin PBXResourcesBuildPhase section */
		1AD39890251D41C700922ED9 /* Resources */ = {
			isa = PBXResourcesBuildPhase;
			buildActionMask = 2147483647;
			files = (
				1AD398AA251D434A00922ED9 /* .gitignore in Resources */,
				1AD398A2251D41CD00922ED9 /* LaunchScreen.storyboard in Resources */,
				1AD3989F251D41CD00922ED9 /* Preview Assets.xcassets in Resources */,
				1AD3989C251D41CD00922ED9 /* Assets.xcassets in Resources */,
			);
			runOnlyForDeploymentPostprocessing = 0;
		};
/* End PBXResourcesBuildPhase section */

/* Begin PBXSourcesBuildPhase section */
		1AD3988E251D41C700922ED9 /* Sources */ = {
			isa = PBXSourcesBuildPhase;
			buildActionMask = 2147483647;
			files = (
				1AD39896251D41C700922ED9 /* AppDelegate.swift in Sources */,
				1A90E3B12548AED800C95E9A /* CycleField.swift in Sources */,
				1A5BA78C2525042500520086 /* SubscriptionDetailView.swift in Sources */,
				1A5BA78E25251EE700520086 /* NewSubscriptionForm.swift in Sources */,
				1AB60912252D06D300597B85 /* SubscriptionsManager.xcdatamodeld in Sources */,
				1A9933352523DD0A008BF8C4 /* SubscriptionRow.swift in Sources */,
				1A8CFC4C254D90AA00B8DEB9 /* RoundCorners.swift in Sources */,
				1A2CE00D25277A000009C743 /* StatisticsView.swift in Sources */,
				1A8CFC4E254DD72600B8DEB9 /* BigButton.swift in Sources */,
				1A90E3AF2548670300C95E9A /* EditableField.swift in Sources */,
				1A7BF2AA253CCE2A005FBAF3 /* SubscriptionDataField.swift in Sources */,
				1AD6A787253E280200F02F0D /* SubscriptionLogoTitleField.swift in Sources */,
				1ADBC3A825279EFC00AD06E6 /* SubscriptionsViewModel.swift in Sources */,
				1A2CE00B252778F90009C743 /* AppView.swift in Sources */,
				1AD39898251D41C700922ED9 /* SceneDelegate.swift in Sources */,
				1A3420AB253F7F0A000A88F7 /* SubscriptionEditView.swift in Sources */,
				1A7BF2A2253CCB53005FBAF3 /* Template.swift in Sources */,
				1A9933332523DB04008BF8C4 /* Subscription.swift in Sources */,
				1AD3989A251D41C700922ED9 /* SubscriptionsView.swift in Sources */,
				1A7BF2A8253CCDAE005FBAF3 /* CustomDivider.swift in Sources */,
			);
			runOnlyForDeploymentPostprocessing = 0;
		};
/* End PBXSourcesBuildPhase section */

/* Begin PBXVariantGroup section */
		1AD398A0251D41CD00922ED9 /* LaunchScreen.storyboard */ = {
			isa = PBXVariantGroup;
			children = (
				1AD398A1251D41CD00922ED9 /* Base */,
			);
			name = LaunchScreen.storyboard;
			sourceTree = "<group>";
		};
/* End PBXVariantGroup section */

/* Begin XCBuildConfiguration section */
		1AD398A4251D41CD00922ED9 /* Debug */ = {
			isa = XCBuildConfiguration;
			buildSettings = {
				ALWAYS_SEARCH_USER_PATHS = NO;
				CLANG_ANALYZER_NONNULL = YES;
				CLANG_ANALYZER_NUMBER_OBJECT_CONVERSION = YES_AGGRESSIVE;
				CLANG_CXX_LANGUAGE_STANDARD = "gnu++14";
				CLANG_CXX_LIBRARY = "libc++";
				CLANG_ENABLE_MODULES = YES;
				CLANG_ENABLE_OBJC_ARC = YES;
				CLANG_ENABLE_OBJC_WEAK = YES;
				CLANG_WARN_BLOCK_CAPTURE_AUTORELEASING = YES;
				CLANG_WARN_BOOL_CONVERSION = YES;
				CLANG_WARN_COMMA = YES;
				CLANG_WARN_CONSTANT_CONVERSION = YES;
				CLANG_WARN_DEPRECATED_OBJC_IMPLEMENTATIONS = YES;
				CLANG_WARN_DIRECT_OBJC_ISA_USAGE = YES_ERROR;
				CLANG_WARN_DOCUMENTATION_COMMENTS = YES;
				CLANG_WARN_EMPTY_BODY = YES;
				CLANG_WARN_ENUM_CONVERSION = YES;
				CLANG_WARN_INFINITE_RECURSION = YES;
				CLANG_WARN_INT_CONVERSION = YES;
				CLANG_WARN_NON_LITERAL_NULL_CONVERSION = YES;
				CLANG_WARN_OBJC_IMPLICIT_RETAIN_SELF = YES;
				CLANG_WARN_OBJC_LITERAL_CONVERSION = YES;
				CLANG_WARN_OBJC_ROOT_CLASS = YES_ERROR;
				CLANG_WARN_RANGE_LOOP_ANALYSIS = YES;
				CLANG_WARN_STRICT_PROTOTYPES = YES;
				CLANG_WARN_SUSPICIOUS_MOVE = YES;
				CLANG_WARN_UNGUARDED_AVAILABILITY = YES_AGGRESSIVE;
				CLANG_WARN_UNREACHABLE_CODE = YES;
				CLANG_WARN__DUPLICATE_METHOD_MATCH = YES;
				COPY_PHASE_STRIP = NO;
				DEBUG_INFORMATION_FORMAT = dwarf;
				ENABLE_STRICT_OBJC_MSGSEND = YES;
				ENABLE_TESTABILITY = YES;
				GCC_C_LANGUAGE_STANDARD = gnu11;
				GCC_DYNAMIC_NO_PIC = NO;
				GCC_NO_COMMON_BLOCKS = YES;
				GCC_OPTIMIZATION_LEVEL = 0;
				GCC_PREPROCESSOR_DEFINITIONS = (
					"DEBUG=1",
					"$(inherited)",
				);
				GCC_WARN_64_TO_32_BIT_CONVERSION = YES;
				GCC_WARN_ABOUT_RETURN_TYPE = YES_ERROR;
				GCC_WARN_UNDECLARED_SELECTOR = YES;
				GCC_WARN_UNINITIALIZED_AUTOS = YES_AGGRESSIVE;
				GCC_WARN_UNUSED_FUNCTION = YES;
				GCC_WARN_UNUSED_VARIABLE = YES;
				IPHONEOS_DEPLOYMENT_TARGET = 13.7;
				MTL_ENABLE_DEBUG_INFO = INCLUDE_SOURCE;
				MTL_FAST_MATH = YES;
				ONLY_ACTIVE_ARCH = YES;
				SDKROOT = iphoneos;
				SWIFT_ACTIVE_COMPILATION_CONDITIONS = DEBUG;
				SWIFT_OPTIMIZATION_LEVEL = "-Onone";
			};
			name = Debug;
		};
		1AD398A5251D41CD00922ED9 /* Release */ = {
			isa = XCBuildConfiguration;
			buildSettings = {
				ALWAYS_SEARCH_USER_PATHS = NO;
				CLANG_ANALYZER_NONNULL = YES;
				CLANG_ANALYZER_NUMBER_OBJECT_CONVERSION = YES_AGGRESSIVE;
				CLANG_CXX_LANGUAGE_STANDARD = "gnu++14";
				CLANG_CXX_LIBRARY = "libc++";
				CLANG_ENABLE_MODULES = YES;
				CLANG_ENABLE_OBJC_ARC = YES;
				CLANG_ENABLE_OBJC_WEAK = YES;
				CLANG_WARN_BLOCK_CAPTURE_AUTORELEASING = YES;
				CLANG_WARN_BOOL_CONVERSION = YES;
				CLANG_WARN_COMMA = YES;
				CLANG_WARN_CONSTANT_CONVERSION = YES;
				CLANG_WARN_DEPRECATED_OBJC_IMPLEMENTATIONS = YES;
				CLANG_WARN_DIRECT_OBJC_ISA_USAGE = YES_ERROR;
				CLANG_WARN_DOCUMENTATION_COMMENTS = YES;
				CLANG_WARN_EMPTY_BODY = YES;
				CLANG_WARN_ENUM_CONVERSION = YES;
				CLANG_WARN_INFINITE_RECURSION = YES;
				CLANG_WARN_INT_CONVERSION = YES;
				CLANG_WARN_NON_LITERAL_NULL_CONVERSION = YES;
				CLANG_WARN_OBJC_IMPLICIT_RETAIN_SELF = YES;
				CLANG_WARN_OBJC_LITERAL_CONVERSION = YES;
				CLANG_WARN_OBJC_ROOT_CLASS = YES_ERROR;
				CLANG_WARN_RANGE_LOOP_ANALYSIS = YES;
				CLANG_WARN_STRICT_PROTOTYPES = YES;
				CLANG_WARN_SUSPICIOUS_MOVE = YES;
				CLANG_WARN_UNGUARDED_AVAILABILITY = YES_AGGRESSIVE;
				CLANG_WARN_UNREACHABLE_CODE = YES;
				CLANG_WARN__DUPLICATE_METHOD_MATCH = YES;
				COPY_PHASE_STRIP = NO;
				DEBUG_INFORMATION_FORMAT = "dwarf-with-dsym";
				ENABLE_NS_ASSERTIONS = NO;
				ENABLE_STRICT_OBJC_MSGSEND = YES;
				GCC_C_LANGUAGE_STANDARD = gnu11;
				GCC_NO_COMMON_BLOCKS = YES;
				GCC_WARN_64_TO_32_BIT_CONVERSION = YES;
				GCC_WARN_ABOUT_RETURN_TYPE = YES_ERROR;
				GCC_WARN_UNDECLARED_SELECTOR = YES;
				GCC_WARN_UNINITIALIZED_AUTOS = YES_AGGRESSIVE;
				GCC_WARN_UNUSED_FUNCTION = YES;
				GCC_WARN_UNUSED_VARIABLE = YES;
				IPHONEOS_DEPLOYMENT_TARGET = 13.7;
				MTL_ENABLE_DEBUG_INFO = NO;
				MTL_FAST_MATH = YES;
				SDKROOT = iphoneos;
				SWIFT_COMPILATION_MODE = wholemodule;
				SWIFT_OPTIMIZATION_LEVEL = "-O";
				VALIDATE_PRODUCT = YES;
			};
			name = Release;
		};
		1AD398A7251D41CD00922ED9 /* Debug */ = {
			isa = XCBuildConfiguration;
			buildSettings = {
				ASSETCATALOG_COMPILER_APPICON_NAME = AppIcon;
				CODE_SIGN_STYLE = Automatic;
				DEVELOPMENT_ASSET_PATHS = "\"SubscriptionManager/Preview Content\"";
				DEVELOPMENT_TEAM = V9WUS7ZBGW;
				ENABLE_PREVIEWS = YES;
				INFOPLIST_FILE = SubscriptionManager/Info.plist;
				IPHONEOS_DEPLOYMENT_TARGET = 13.0;
				LD_RUNPATH_SEARCH_PATHS = (
					"$(inherited)",
					"@executable_path/Frameworks",
				);
				PRODUCT_BUNDLE_IDENTIFIER = eus.aitorzubizarreta.SubscriptionManager;
				PRODUCT_NAME = "$(TARGET_NAME)";
				SWIFT_VERSION = 5.0;
				TARGETED_DEVICE_FAMILY = 1;
			};
			name = Debug;
		};
		1AD398A8251D41CD00922ED9 /* Release */ = {
			isa = XCBuildConfiguration;
			buildSettings = {
				ASSETCATALOG_COMPILER_APPICON_NAME = AppIcon;
				CODE_SIGN_STYLE = Automatic;
				DEVELOPMENT_ASSET_PATHS = "\"SubscriptionManager/Preview Content\"";
				DEVELOPMENT_TEAM = V9WUS7ZBGW;
				ENABLE_PREVIEWS = YES;
				INFOPLIST_FILE = SubscriptionManager/Info.plist;
				IPHONEOS_DEPLOYMENT_TARGET = 13.0;
				LD_RUNPATH_SEARCH_PATHS = (
					"$(inherited)",
					"@executable_path/Frameworks",
				);
				PRODUCT_BUNDLE_IDENTIFIER = eus.aitorzubizarreta.SubscriptionManager;
				PRODUCT_NAME = "$(TARGET_NAME)";
				SWIFT_VERSION = 5.0;
				TARGETED_DEVICE_FAMILY = 1;
			};
			name = Release;
		};
/* End XCBuildConfiguration section */

/* Begin XCConfigurationList section */
		1AD3988D251D41C700922ED9 /* Build configuration list for PBXProject "SubscriptionManager" */ = {
			isa = XCConfigurationList;
			buildConfigurations = (
				1AD398A4251D41CD00922ED9 /* Debug */,
				1AD398A5251D41CD00922ED9 /* Release */,
			);
			defaultConfigurationIsVisible = 0;
			defaultConfigurationName = Release;
		};
		1AD398A6251D41CD00922ED9 /* Build configuration list for PBXNativeTarget "SubscriptionManager" */ = {
			isa = XCConfigurationList;
			buildConfigurations = (
				1AD398A7251D41CD00922ED9 /* Debug */,
				1AD398A8251D41CD00922ED9 /* Release */,
			);
			defaultConfigurationIsVisible = 0;
			defaultConfigurationName = Release;
		};
/* End XCConfigurationList section */

/* Begin XCVersionGroup section */
		1AB60910252D06D300597B85 /* SubscriptionsManager.xcdatamodeld */ = {
			isa = XCVersionGroup;
			children = (
				1AB60911252D06D300597B85 /* SubscriptionsManager.xcdatamodel */,
			);
			currentVersion = 1AB60911252D06D300597B85 /* SubscriptionsManager.xcdatamodel */;
			path = SubscriptionsManager.xcdatamodeld;
			sourceTree = "<group>";
			versionGroupType = wrapper.xcdatamodel;
		};
/* End XCVersionGroup section */
	};
	rootObject = 1AD3988A251D41C700922ED9 /* Project object */;
}
